
Microsoft Visual Studio Solution File, Format Version 12.00
# Visual Studio Version 17
VisualStudioVersion = 17.7.34202.233
MinimumVisualStudioVersion = 10.0.40219.1
Project("{FAE04EC0-301F-11D3-BF4B-00C04F79EFBC}") = "durvo", "durvo\durvo.csproj", "{C5617039-32CA-4E1F-8309-6A9E635D6ECB}"
EndProject
Project("{FAE04EC0-301F-11D3-BF4B-00C04F79EFBC}") = "zadacha2", "zadacha2\zadacha2.csproj", "{6E1E7206-9FFE-4ED9-BD11-214B26E8A9CE}"
EndProject
Project("{FAE04EC0-301F-11D3-BF4B-00C04F79EFBC}") = "zadacha3", "zadacha3\zadacha3.csproj", "{79985DF4-BD3A-4F74-955E-575365B22D68}"
EndProject
Project("{FAE04EC0-301F-11D3-BF4B-00C04F79EFBC}") = "zadacha4", "zadacha4\zadacha4.csproj", "{AA3FC48B-0FC8-4055-8DF5-1263C3B714EF}"
EndProject
Project("{FAE04EC0-301F-11D3-BF4B-00C04F79EFBC}") = "zadacha5", "zadacha5\zadacha5.csproj", "{55B20BE7-7C20-4F96-BC17-15A491EFAFF2}"
EndProject
Project("{FAE04EC0-301F-11D3-BF4B-00C04F79EFBC}") = "graf_zad1", "graf_zad1\graf_zad1.csproj", "{222E86EE-BAA0-4507-9B8D-EF1304E49AB4}"
EndProject
Project("{FAE04EC0-301F-11D3-BF4B-00C04F79EFBC}") = "graf_zad2", "graf_zad2\graf_zad2.csproj", "{8BDA9C3E-FCDB-43BA-81E8-4514735166ED}"
EndProject
Global
	GlobalSection(SolutionConfigurationPlatforms) = preSolution
		Debug|Any CPU = Debug|Any CPU
		Release|Any CPU = Release|Any CPU
	EndGlobalSection
	GlobalSection(ProjectConfigurationPlatforms) = postSolution
		{C5617039-32CA-4E1F-8309-6A9E635D6ECB}.Debug|Any CPU.ActiveCfg = Debug|Any CPU
		{C5617039-32CA-4E1F-8309-6A9E635D6ECB}.Debug|Any CPU.Build.0 = Debug|Any CPU
		{C5617039-32CA-4E1F-8309-6A9E635D6ECB}.Release|Any CPU.ActiveCfg = Release|Any CPU
		{C5617039-32CA-4E1F-8309-6A9E635D6ECB}.Release|Any CPU.Build.0 = Release|Any CPU
		{6E1E7206-9FFE-4ED9-BD11-214B26E8A9CE}.Debug|Any CPU.ActiveCfg = Debug|Any CPU
		{6E1E7206-9FFE-4ED9-BD11-214B26E8A9CE}.Debug|Any CPU.Build.0 = Debug|Any CPU
		{6E1E7206-9FFE-4ED9-BD11-214B26E8A9CE}.Release|Any CPU.ActiveCfg = Release|Any CPU
		{6E1E7206-9FFE-4ED9-BD11-214B26E8A9CE}.Release|Any CPU.Build.0 = Release|Any CPU
		{79985DF4-BD3A-4F74-955E-575365B22D68}.Debug|Any CPU.ActiveCfg = Debug|Any CPU
		{79985DF4-BD3A-4F74-955E-575365B22D68}.Debug|Any CPU.Build.0 = Debug|Any CPU
		{79985DF4-BD3A-4F74-955E-575365B22D68}.Release|Any CPU.ActiveCfg = Release|Any CPU
		{79985DF4-BD3A-4F74-955E-575365B22D68}.Release|Any CPU.Build.0 = Release|Any CPU
		{AA3FC48B-0FC8-4055-8DF5-1263C3B714EF}.Debug|Any CPU.ActiveCfg = Debug|Any CPU
		{AA3FC48B-0FC8-4055-8DF5-1263C3B714EF}.Debug|Any CPU.Build.0 = Debug|Any CPU
		{AA3FC48B-0FC8-4055-8DF5-1263C3B714EF}.Release|Any CPU.ActiveCfg = Release|Any CPU
		{AA3FC48B-0FC8-4055-8DF5-1263C3B714EF}.Release|Any CPU.Build.0 = Release|Any CPU
		{55B20BE7-7C20-4F96-BC17-15A491EFAFF2}.Debug|Any CPU.ActiveCfg = Debug|Any CPU
		{55B20BE7-7C20-4F96-BC17-15A491EFAFF2}.Debug|Any CPU.Build.0 = Debug|Any CPU
		{55B20BE7-7C20-4F96-BC17-15A491EFAFF2}.Release|Any CPU.ActiveCfg = Release|Any CPU
		{55B20BE7-7C20-4F96-BC17-15A491EFAFF2}.Release|Any CPU.Build.0 = Release|Any CPU
		{222E86EE-BAA0-4507-9B8D-EF1304E49AB4}.Debug|Any CPU.ActiveCfg = Debug|Any CPU
		{222E86EE-BAA0-4507-9B8D-EF1304E49AB4}.Debug|Any CPU.Build.0 = Debug|Any CPU
		{222E86EE-BAA0-4507-9B8D-EF1304E49AB4}.Release|Any CPU.ActiveCfg = Release|Any CPU
		{222E86EE-BAA0-4507-9B8D-EF1304E49AB4}.Release|Any CPU.Build.0 = Release|Any CPU
		{8BDA9C3E-FCDB-43BA-81E8-4514735166ED}.Debug|Any CPU.ActiveCfg = Debug|Any CPU
		{8BDA9C3E-FCDB-43BA-81E8-4514735166ED}.Debug|Any CPU.Build.0 = Debug|Any CPU
		{8BDA9C3E-FCDB-43BA-81E8-4514735166ED}.Release|Any CPU.ActiveCfg = Release|Any CPU
		{8BDA9C3E-FCDB-43BA-81E8-4514735166ED}.Release|Any CPU.Build.0 = Release|Any CPU
	EndGlobalSection
	GlobalSection(SolutionProperties) = preSolution
		HideSolutionNode = FALSE
	EndGlobalSection
	GlobalSection(ExtensibilityGlobals) = postSolution
		SolutionGuid = {29D11634-3633-4A47-80A7-ED56D623B326}
	EndGlobalSection
EndGlobal
